// !$*UTF8*$!
{
	archiveVersion = 1;
	classes = {
	};
	objectVersion = 77;
	objects = {

/* Begin PBXBuildFile section */
		A9273F0C2F6F65430061B956 /* AIDevToolsKitMac in Frameworks */ = {isa = PBXBuildFile; productRef = A9273F0B2F6F65430061B956 /* AIDevToolsKitMac */; };
		A9273F0E2F6F65430061B956 /* LoggingSDK in Frameworks */ = {isa = PBXBuildFile; productRef = A9273F0D2F6F65430061B956 /* LoggingSDK */; };
		A93060AC2F7D1FDF0043D5B0 /* XCUITestControl in Frameworks */ = {isa = PBXBuildFile; productRef = A93060AB2F7D1FDF0043D5B0 /* XCUITestControl */; };
/* End PBXBuildFile section */

/* Begin PBXContainerItemProxy section */
		A93060962F7D1FA50043D5B0 /* PBXContainerItemProxy */ = {
			isa = PBXContainerItemProxy;
			containerPortal = A98A54EE2F5C3B1A00D52127 /* Project object */;
			proxyType = 1;
			remoteGlobalIDString = A98A54F52F5C3B1A00D52127;
			remoteInfo = AIDevTools;
		};
		A93060A52F7D1FB30043D5B0 /* PBXContainerItemProxy */ = {
			isa = PBXContainerItemProxy;
			containerPortal = A98A54EE2F5C3B1A00D52127 /* Project object */;
			proxyType = 1;
			remoteGlobalIDString = A98A54F52F5C3B1A00D52127;
			remoteInfo = AIDevTools;
		};
/* End PBXContainerItemProxy section */

/* Begin PBXFileReference section */
		A93060902F7D1FA50043D5B0 /* AIDevToolsUITests.xctest */ = {isa = PBXFileReference; explicitFileType = wrapper.cfbundle; includeInIndex = 0; path = AIDevToolsUITests.xctest; sourceTree = BUILT_PRODUCTS_DIR; };
		A930609F2F7D1FB30043D5B0 /* AIDevToolsInteractiveTests.xctest */ = {isa = PBXFileReference; explicitFileType = wrapper.cfbundle; includeInIndex = 0; path = AIDevToolsInteractiveTests.xctest; sourceTree = BUILT_PRODUCTS_DIR; };
		A98A54F62F5C3B1A00D52127 /* AIDevTools.app */ = {isa = PBXFileReference; explicitFileType = wrapper.application; includeInIndex = 0; path = AIDevTools.app; sourceTree = BUILT_PRODUCTS_DIR; };
		CLAW00012F00000000000001 /* Local.xcconfig */ = {isa = PBXFileReference; lastKnownFileType = text.xcconfig; path = Local.xcconfig; sourceTree = "<group>"; };
/* End PBXFileReference section */

/* Begin PBXFileSystemSynchronizedRootGroup section */
		A93060912F7D1FA50043D5B0 /* AIDevToolsUITests */ = {
			isa = PBXFileSystemSynchronizedRootGroup;
			path = AIDevToolsUITests;
			sourceTree = "<group>";
		};
		A93060A02F7D1FB30043D5B0 /* AIDevToolsInteractiveTests */ = {
			isa = PBXFileSystemSynchronizedRootGroup;
			path = AIDevToolsInteractiveTests;
			sourceTree = "<group>";
		};
		A98A54F82F5C3B1A00D52127 /* AIDevTools */ = {
			isa = PBXFileSystemSynchronizedRootGroup;
			path = AIDevTools;
			sourceTree = "<group>";
		};
/* End PBXFileSystemSynchronizedRootGroup section */

/* Begin PBXFrameworksBuildPhase section */
		A930608D2F7D1FA50043D5B0 /* Frameworks */ = {
			isa = PBXFrameworksBuildPhase;
			buildActionMask = 2147483647;
			files = (
			);
			runOnlyForDeploymentPostprocessing = 0;
		};
		A930609C2F7D1FB30043D5B0 /* Frameworks */ = {
			isa = PBXFrameworksBuildPhase;
			buildActionMask = 2147483647;
			files = (
				A93060AC2F7D1FDF0043D5B0 /* XCUITestControl in Frameworks */,
			);
			runOnlyForDeploymentPostprocessing = 0;
		};
		A98A54F32F5C3B1A00D52127 /* Frameworks */ = {
			isa = PBXFrameworksBuildPhase;
			buildActionMask = 2147483647;
			files = (
				A9273F0C2F6F65430061B956 /* AIDevToolsKitMac in Frameworks */,
				A9273F0E2F6F65430061B956 /* LoggingSDK in Frameworks */,
			);
			runOnlyForDeploymentPostprocessing = 0;
		};
/* End PBXFrameworksBuildPhase section */

/* Begin PBXGroup section */
		A9273F0A2F6F65430061B956 /* Frameworks */ = {
			isa = PBXGroup;
			children = (
			);
			name = Frameworks;
			sourceTree = "<group>";
		};
		A98A54ED2F5C3B1A00D52127 = {
			isa = PBXGroup;
			children = (
				A98A54F82F5C3B1A00D52127 /* AIDevTools */,
				A93060912F7D1FA50043D5B0 /* AIDevToolsUITests */,
				A93060A02F7D1FB30043D5B0 /* AIDevToolsInteractiveTests */,
				CLAW00012F00000000000001 /* Local.xcconfig */,
				A9273F0A2F6F65430061B956 /* Frameworks */,
				A98A54F72F5C3B1A00D52127 /* Products */,
			);
			sourceTree = "<group>";
		};
		A98A54F72F5C3B1A00D52127 /* Products */ = {
			isa = PBXGroup;
			children = (
				A98A54F62F5C3B1A00D52127 /* AIDevTools.app */,
				A93060902F7D1FA50043D5B0 /* AIDevToolsUITests.xctest */,
				A930609F2F7D1FB30043D5B0 /* AIDevToolsInteractiveTests.xctest */,
			);
			name = Products;
			sourceTree = "<group>";
		};
/* End PBXGroup section */

/* Begin PBXNativeTarget section */
		A930608F2F7D1FA50043D5B0 /* AIDevToolsUITests */ = {
			isa = PBXNativeTarget;
			buildConfigurationList = A930609A2F7D1FA50043D5B0 /* Build configuration list for PBXNativeTarget "AIDevToolsUITests" */;
			buildPhases = (
				A930608C2F7D1FA50043D5B0 /* Sources */,
				A930608D2F7D1FA50043D5B0 /* Frameworks */,
				A930608E2F7D1FA50043D5B0 /* Resources */,
			);
			buildRules = (
			);
			dependencies = (
				A93060972F7D1FA50043D5B0 /* PBXTargetDependency */,
			);
			fileSystemSynchronizedGroups = (
				A93060912F7D1FA50043D5B0 /* AIDevToolsUITests */,
			);
			name = AIDevToolsUITests;
			packageProductDependencies = (
			);
			productName = AIDevToolsUITests;
			productReference = A93060902F7D1FA50043D5B0 /* AIDevToolsUITests.xctest */;
			productType = "com.apple.product-type.bundle.ui-testing";
		};
		A930609E2F7D1FB30043D5B0 /* AIDevToolsInteractiveTests */ = {
			isa = PBXNativeTarget;
			buildConfigurationList = A93060A72F7D1FB30043D5B0 /* Build configuration list for PBXNativeTarget "AIDevToolsInteractiveTests" */;
			buildPhases = (
				A930609B2F7D1FB30043D5B0 /* Sources */,
				A930609C2F7D1FB30043D5B0 /* Frameworks */,
				A930609D2F7D1FB30043D5B0 /* Resources */,
			);
			buildRules = (
			);
			dependencies = (
				A93060A62F7D1FB30043D5B0 /* PBXTargetDependency */,
			);
			fileSystemSynchronizedGroups = (
				A93060A02F7D1FB30043D5B0 /* AIDevToolsInteractiveTests */,
			);
			name = AIDevToolsInteractiveTests;
			packageProductDependencies = (
				A93060AB2F7D1FDF0043D5B0 /* XCUITestControl */,
			);
			productName = AIDevToolsInteractiveTests;
			productReference = A930609F2F7D1FB30043D5B0 /* AIDevToolsInteractiveTests.xctest */;
			productType = "com.apple.product-type.bundle.ui-testing";
		};
		A98A54F52F5C3B1A00D52127 /* AIDevTools */ = {
			isa = PBXNativeTarget;
			buildConfigurationList = A98A55012F5C3B1B00D52127 /* Build configuration list for PBXNativeTarget "AIDevTools" */;
			buildPhases = (
				A98A54F22F5C3B1A00D52127 /* Sources */,
				A98A54F32F5C3B1A00D52127 /* Frameworks */,
				A98A54F42F5C3B1A00D52127 /* Resources */,
			);
			buildRules = (
			);
			dependencies = (
			);
			fileSystemSynchronizedGroups = (
				A98A54F82F5C3B1A00D52127 /* AIDevTools */,
			);
			name = AIDevTools;
			packageProductDependencies = (
				A9273F0B2F6F65430061B956 /* AIDevToolsKitMac */,
				A9273F0D2F6F65430061B956 /* LoggingSDK */,
			);
			productName = AIDevTools;
			productReference = A98A54F62F5C3B1A00D52127 /* AIDevTools.app */;
			productType = "com.apple.product-type.application";
		};
/* End PBXNativeTarget section */

/* Begin PBXProject section */
		A98A54EE2F5C3B1A00D52127 /* Project object */ = {
			isa = PBXProject;
			attributes = {
				BuildIndependentTargetsInParallel = 1;
				LastSwiftUpdateCheck = 2630;
				LastUpgradeCheck = 2630;
				TargetAttributes = {
					A930608F2F7D1FA50043D5B0 = {
						CreatedOnToolsVersion = 26.3;
						TestTargetID = A98A54F52F5C3B1A00D52127;
					};
					A930609E2F7D1FB30043D5B0 = {
						CreatedOnToolsVersion = 26.3;
						TestTargetID = A98A54F52F5C3B1A00D52127;
					};
					A98A54F52F5C3B1A00D52127 = {
						CreatedOnToolsVersion = 26.3;
					};
				};
			};
			buildConfigurationList = A98A54F12F5C3B1A00D52127 /* Build configuration list for PBXProject "AIDevTools" */;
			developmentRegion = en;
			hasScannedForEncodings = 0;
			knownRegions = (
				en,
				Base,
			);
			mainGroup = A98A54ED2F5C3B1A00D52127;
			minimizedProjectReferenceProxies = 1;
			packageReferences = (
				A9273F092F6F65180061B956 /* XCLocalSwiftPackageReference "AIDevToolsKit" */,
				A93060AA2F7D1FDF0043D5B0 /* XCRemoteSwiftPackageReference "xcode-sim-automation" */,
			);
			preferredProjectObjectVersion = 77;
			productRefGroup = A98A54F72F5C3B1A00D52127 /* Products */;
			projectDirPath = "";
			projectRoot = "";
			targets = (
				A98A54F52F5C3B1A00D52127 /* AIDevTools */,
				A930608F2F7D1FA50043D5B0 /* AIDevToolsUITests */,
				A930609E2F7D1FB30043D5B0 /* AIDevToolsInteractiveTests */,
			);
		};
/* End PBXProject section */

/* Begin PBXResourcesBuildPhase section */
		A930608E2F7D1FA50043D5B0 /* Resources */ = {
			isa = PBXResourcesBuildPhase;
			buildActionMask = 2147483647;
			files = (
			);
			runOnlyForDeploymentPostprocessing = 0;
		};
		A930609D2F7D1FB30043D5B0 /* Resources */ = {
			isa = PBXResourcesBuildPhase;
			buildActionMask = 2147483647;
			files = (
			);
			runOnlyForDeploymentPostprocessing = 0;
		};
		A98A54F42F5C3B1A00D52127 /* Resources */ = {
			isa = PBXResourcesBuildPhase;
			buildActionMask = 2147483647;
			files = (
			);
			runOnlyForDeploymentPostprocessing = 0;
		};
/* End PBXResourcesBuildPhase section */

/* Begin PBXSourcesBuildPhase section */
		A930608C2F7D1FA50043D5B0 /* Sources */ = {
			isa = PBXSourcesBuildPhase;
			buildActionMask = 2147483647;
			files = (
			);
			runOnlyForDeploymentPostprocessing = 0;
		};
		A930609B2F7D1FB30043D5B0 /* Sources */ = {
			isa = PBXSourcesBuildPhase;
			buildActionMask = 2147483647;
			files = (
			);
			runOnlyForDeploymentPostprocessing = 0;
		};
		A98A54F22F5C3B1A00D52127 /* Sources */ = {
			isa = PBXSourcesBuildPhase;
			buildActionMask = 2147483647;
			files = (
			);
			runOnlyForDeploymentPostprocessing = 0;
		};
/* End PBXSourcesBuildPhase section */

/* Begin PBXTargetDependency section */
		A93060972F7D1FA50043D5B0 /* PBXTargetDependency */ = {
			isa = PBXTargetDependency;
			target = A98A54F52F5C3B1A00D52127 /* AIDevTools */;
			targetProxy = A93060962F7D1FA50043D5B0 /* PBXContainerItemProxy */;
		};
		A93060A62F7D1FB30043D5B0 /* PBXTargetDependency */ = {
			isa = PBXTargetDependency;
			target = A98A54F52F5C3B1A00D52127 /* AIDevTools */;
			targetProxy = A93060A52F7D1FB30043D5B0 /* PBXContainerItemProxy */;
		};
/* End PBXTargetDependency section */

/* Begin XCBuildConfiguration section */
		A93060982F7D1FA50043D5B0 /* Debug */ = {
			isa = XCBuildConfiguration;
			buildSettings = {
				CODE_SIGN_STYLE = Automatic;
				CURRENT_PROJECT_VERSION = 1;
				GENERATE_INFOPLIST_FILE = YES;
				MARKETING_VERSION = 1.0;
				PRODUCT_BUNDLE_IDENTIFIER = org.gestrich.AIDevToolsUITests;
				PRODUCT_NAME = "$(TARGET_NAME)";
				STRING_CATALOG_GENERATE_SYMBOLS = NO;
				SWIFT_APPROACHABLE_CONCURRENCY = YES;
				SWIFT_EMIT_LOC_STRINGS = NO;
				SWIFT_UPCOMING_FEATURE_MEMBER_IMPORT_VISIBILITY = YES;
				SWIFT_VERSION = 5.0;
				TEST_TARGET_NAME = AIDevTools;
			};
			name = Debug;
		};
		A93060992F7D1FA50043D5B0 /* Release */ = {
			isa = XCBuildConfiguration;
			buildSettings = {
				CODE_SIGN_STYLE = Automatic;
				CURRENT_PROJECT_VERSION = 1;
				GENERATE_INFOPLIST_FILE = YES;
				MARKETING_VERSION = 1.0;
				PRODUCT_BUNDLE_IDENTIFIER = org.gestrich.AIDevToolsUITests;
				PRODUCT_NAME = "$(TARGET_NAME)";
				STRING_CATALOG_GENERATE_SYMBOLS = NO;
				SWIFT_APPROACHABLE_CONCURRENCY = YES;
				SWIFT_EMIT_LOC_STRINGS = NO;
				SWIFT_UPCOMING_FEATURE_MEMBER_IMPORT_VISIBILITY = YES;
				SWIFT_VERSION = 5.0;
				TEST_TARGET_NAME = AIDevTools;
			};
			name = Release;
		};
		A93060A82F7D1FB30043D5B0 /* Debug */ = {
			isa = XCBuildConfiguration;
			buildSettings = {
				CODE_SIGN_STYLE = Automatic;
				CURRENT_PROJECT_VERSION = 1;
				GENERATE_INFOPLIST_FILE = YES;
				MARKETING_VERSION = 1.0;
				PRODUCT_BUNDLE_IDENTIFIER = org.gestrich.AIDevToolsInteractiveTests;
				PRODUCT_NAME = "$(TARGET_NAME)";
				STRING_CATALOG_GENERATE_SYMBOLS = NO;
				SWIFT_APPROACHABLE_CONCURRENCY = YES;
				SWIFT_EMIT_LOC_STRINGS = NO;
				SWIFT_UPCOMING_FEATURE_MEMBER_IMPORT_VISIBILITY = YES;
				SWIFT_VERSION = 5.0;
				TEST_TARGET_NAME = AIDevTools;
			};
			name = Debug;
		};
		A93060A92F7D1FB30043D5B0 /* Release */ = {
			isa = XCBuildConfiguration;
			buildSettings = {
				CODE_SIGN_STYLE = Automatic;
				CURRENT_PROJECT_VERSION = 1;
				GENERATE_INFOPLIST_FILE = YES;
				MARKETING_VERSION = 1.0;
				PRODUCT_BUNDLE_IDENTIFIER = org.gestrich.AIDevToolsInteractiveTests;
				PRODUCT_NAME = "$(TARGET_NAME)";
				STRING_CATALOG_GENERATE_SYMBOLS = NO;
				SWIFT_APPROACHABLE_CONCURRENCY = YES;
				SWIFT_EMIT_LOC_STRINGS = NO;
				SWIFT_UPCOMING_FEATURE_MEMBER_IMPORT_VISIBILITY = YES;
				SWIFT_VERSION = 5.0;
				TEST_TARGET_NAME = AIDevTools;
			};
			name = Release;
		};
		A98A54FF2F5C3B1B00D52127 /* Debug */ = {
			isa = XCBuildConfiguration;
			baseConfigurationReference = CLAW00012F00000000000001 /* Local.xcconfig */;
			buildSettings = {
				ALWAYS_SEARCH_USER_PATHS = NO;
				ASSETCATALOG_COMPILER_GENERATE_SWIFT_ASSET_SYMBOL_EXTENSIONS = YES;
				CLANG_ANALYZER_NONNULL = YES;
				CLANG_ANALYZER_NUMBER_OBJECT_CONVERSION = YES_AGGRESSIVE;
				CLANG_CXX_LANGUAGE_STANDARD = "gnu++20";
				CLANG_ENABLE_MODULES = YES;
				CLANG_ENABLE_OBJC_ARC = YES;
				CLANG_ENABLE_OBJC_WEAK = YES;
				CLANG_WARN_BLOCK_CAPTURE_AUTORELEASING = YES;
				CLANG_WARN_BOOL_CONVERSION = YES;
				CLANG_WARN_COMMA = YES;
				CLANG_WARN_CONSTANT_CONVERSION = YES;
				CLANG_WARN_DEPRECATED_OBJC_IMPLEMENTATIONS = YES;
				CLANG_WARN_DIRECT_OBJC_ISA_USAGE = YES_ERROR;
				CLANG_WARN_DOCUMENTATION_COMMENTS = YES;
				CLANG_WARN_EMPTY_BODY = YES;
				CLANG_WARN_ENUM_CONVERSION = YES;
				CLANG_WARN_INFINITE_RECURSION = YES;
				CLANG_WARN_INT_CONVERSION = YES;
				CLANG_WARN_NON_LITERAL_NULL_CONVERSION = YES;
				CLANG_WARN_OBJC_IMPLICIT_RETAIN_SELF = YES;
				CLANG_WARN_OBJC_LITERAL_CONVERSION = YES;
				CLANG_WARN_OBJC_ROOT_CLASS = YES_ERROR;
				CLANG_WARN_QUOTED_INCLUDE_IN_FRAMEWORK_HEADER = YES;
				CLANG_WARN_RANGE_LOOP_ANALYSIS = YES;
				CLANG_WARN_STRICT_PROTOTYPES = YES;
				CLANG_WARN_SUSPICIOUS_MOVE = YES;
				CLANG_WARN_UNGUARDED_AVAILABILITY = YES_AGGRESSIVE;
				CLANG_WARN_UNREACHABLE_CODE = YES;
				CLANG_WARN__DUPLICATE_METHOD_MATCH = YES;
				COPY_PHASE_STRIP = NO;
				DEBUG_INFORMATION_FORMAT = dwarf;
				ENABLE_STRICT_OBJC_MSGSEND = YES;
				ENABLE_TESTABILITY = YES;
				ENABLE_USER_SCRIPT_SANDBOXING = YES;
				GCC_C_LANGUAGE_STANDARD = gnu17;
				GCC_DYNAMIC_NO_PIC = NO;
				GCC_NO_COMMON_BLOCKS = YES;
				GCC_OPTIMIZATION_LEVEL = 0;
				GCC_PREPROCESSOR_DEFINITIONS = (
					"DEBUG=1",
					"$(inherited)",
				);
				GCC_WARN_64_TO_32_BIT_CONVERSION = YES;
				GCC_WARN_ABOUT_RETURN_TYPE = YES_ERROR;
				GCC_WARN_UNDECLARED_SELECTOR = YES;
				GCC_WARN_UNINITIALIZED_AUTOS = YES_AGGRESSIVE;
				GCC_WARN_UNUSED_FUNCTION = YES;
				GCC_WARN_UNUSED_VARIABLE = YES;
				LOCALIZATION_PREFERS_STRING_CATALOGS = YES;
				MACOSX_DEPLOYMENT_TARGET = 15.0;
				MTL_ENABLE_DEBUG_INFO = INCLUDE_SOURCE;
				MTL_FAST_MATH = YES;
				ONLY_ACTIVE_ARCH = YES;
				SDKROOT = macosx;
				SWIFT_ACTIVE_COMPILATION_CONDITIONS = "DEBUG $(inherited)";
				SWIFT_OPTIMIZATION_LEVEL = "-Onone";
			};
			name = Debug;
		};
		A98A55002F5C3B1B00D52127 /* Release */ = {
			isa = XCBuildConfiguration;
			baseConfigurationReference = CLAW00012F00000000000001 /* Local.xcconfig */;
			buildSettings = {
				ALWAYS_SEARCH_USER_PATHS = NO;
				ASSETCATALOG_COMPILER_GENERATE_SWIFT_ASSET_SYMBOL_EXTENSIONS = YES;
				CLANG_ANALYZER_NONNULL = YES;
				CLANG_ANALYZER_NUMBER_OBJECT_CONVERSION = YES_AGGRESSIVE;
				CLANG_CXX_LANGUAGE_STANDARD = "gnu++20";
				CLANG_ENABLE_MODULES = YES;
				CLANG_ENABLE_OBJC_ARC = YES;
				CLANG_ENABLE_OBJC_WEAK = YES;
				CLANG_WARN_BLOCK_CAPTURE_AUTORELEASING = YES;
				CLANG_WARN_BOOL_CONVERSION = YES;
				CLANG_WARN_COMMA = YES;
				CLANG_WARN_CONSTANT_CONVERSION = YES;
				CLANG_WARN_DEPRECATED_OBJC_IMPLEMENTATIONS = YES;
				CLANG_WARN_DIRECT_OBJC_ISA_USAGE = YES_ERROR;
				CLANG_WARN_DOCUMENTATION_COMMENTS = YES;
				CLANG_WARN_EMPTY_BODY = YES;
				CLANG_WARN_ENUM_CONVERSION = YES;
				CLANG_WARN_INFINITE_RECURSION = YES;
				CLANG_WARN_INT_CONVERSION = YES;
				CLANG_WARN_NON_LITERAL_NULL_CONVERSION = YES;
				CLANG_WARN_OBJC_IMPLICIT_RETAIN_SELF = YES;
				CLANG_WARN_OBJC_LITERAL_CONVERSION = YES;
				CLANG_WARN_OBJC_ROOT_CLASS = YES_ERROR;
				CLANG_WARN_QUOTED_INCLUDE_IN_FRAMEWORK_HEADER = YES;
				CLANG_WARN_RANGE_LOOP_ANALYSIS = YES;
				CLANG_WARN_STRICT_PROTOTYPES = YES;
				CLANG_WARN_SUSPICIOUS_MOVE = YES;
				CLANG_WARN_UNGUARDED_AVAILABILITY = YES_AGGRESSIVE;
				CLANG_WARN_UNREACHABLE_CODE = YES;
				CLANG_WARN__DUPLICATE_METHOD_MATCH = YES;
				COPY_PHASE_STRIP = NO;
				DEBUG_INFORMATION_FORMAT = "dwarf-with-dsym";
				ENABLE_NS_ASSERTIONS = NO;
				ENABLE_STRICT_OBJC_MSGSEND = YES;
				ENABLE_USER_SCRIPT_SANDBOXING = YES;
				GCC_C_LANGUAGE_STANDARD = gnu17;
				GCC_NO_COMMON_BLOCKS = YES;
				GCC_WARN_64_TO_32_BIT_CONVERSION = YES;
				GCC_WARN_ABOUT_RETURN_TYPE = YES_ERROR;
				GCC_WARN_UNDECLARED_SELECTOR = YES;
				GCC_WARN_UNINITIALIZED_AUTOS = YES_AGGRESSIVE;
				GCC_WARN_UNUSED_FUNCTION = YES;
				GCC_WARN_UNUSED_VARIABLE = YES;
				LOCALIZATION_PREFERS_STRING_CATALOGS = YES;
				MACOSX_DEPLOYMENT_TARGET = 15.0;
				MTL_ENABLE_DEBUG_INFO = NO;
				MTL_FAST_MATH = YES;
				SDKROOT = macosx;
				SWIFT_COMPILATION_MODE = wholemodule;
			};
			name = Release;
		};
		A98A55022F5C3B1B00D52127 /* Debug */ = {
			isa = XCBuildConfiguration;
			buildSettings = {
				ASSETCATALOG_COMPILER_APPICON_NAME = AppIcon;
				ASSETCATALOG_COMPILER_GLOBAL_ACCENT_COLOR_NAME = AccentColor;
				CODE_SIGN_STYLE = Automatic;
				COMBINE_HIDPI_IMAGES = YES;
				CURRENT_PROJECT_VERSION = 1;
				ENABLE_APP_SANDBOX = NO;
				ENABLE_HARDENED_RUNTIME = YES;
				ENABLE_PREVIEWS = YES;
				GENERATE_INFOPLIST_FILE = YES;
				INFOPLIST_KEY_NSHumanReadableCopyright = "";
				LD_RUNPATH_SEARCH_PATHS = (
					"$(inherited)",
					"@executable_path/../Frameworks",
				);
				MARKETING_VERSION = 1.0;
				PRODUCT_BUNDLE_IDENTIFIER = org.gestrich.AIDevTools;
				PRODUCT_NAME = "$(TARGET_NAME)";
				REGISTER_APP_GROUPS = YES;
				STRING_CATALOG_GENERATE_SYMBOLS = YES;
				SWIFT_APPROACHABLE_CONCURRENCY = YES;
				SWIFT_DEFAULT_ACTOR_ISOLATION = MainActor;
				SWIFT_EMIT_LOC_STRINGS = YES;
				SWIFT_UPCOMING_FEATURE_MEMBER_IMPORT_VISIBILITY = YES;
				SWIFT_VERSION = 5.0;
			};
			name = Debug;
		};
		A98A55032F5C3B1B00D52127 /* Release */ = {
			isa = XCBuildConfiguration;
			buildSettings = {
				ASSETCATALOG_COMPILER_APPICON_NAME = AppIcon;
				ASSETCATALOG_COMPILER_GLOBAL_ACCENT_COLOR_NAME = AccentColor;
				CODE_SIGN_STYLE = Automatic;
				COMBINE_HIDPI_IMAGES = YES;
				CURRENT_PROJECT_VERSION = 1;
				ENABLE_APP_SANDBOX = NO;
				ENABLE_HARDENED_RUNTIME = YES;
				ENABLE_PREVIEWS = YES;
				GENERATE_INFOPLIST_FILE = YES;
				INFOPLIST_KEY_NSHumanReadableCopyright = "";
				LD_RUNPATH_SEARCH_PATHS = (
					"$(inherited)",
					"@executable_path/../Frameworks",
				);
				MARKETING_VERSION = 1.0;
				PRODUCT_BUNDLE_IDENTIFIER = org.gestrich.AIDevTools;
				PRODUCT_NAME = "$(TARGET_NAME)";
				REGISTER_APP_GROUPS = YES;
				STRING_CATALOG_GENERATE_SYMBOLS = YES;
				SWIFT_APPROACHABLE_CONCURRENCY = YES;
				SWIFT_DEFAULT_ACTOR_ISOLATION = MainActor;
				SWIFT_EMIT_LOC_STRINGS = YES;
				SWIFT_UPCOMING_FEATURE_MEMBER_IMPORT_VISIBILITY = YES;
				SWIFT_VERSION = 5.0;
			};
			name = Release;
		};
/* End XCBuildConfiguration section */

/* Begin XCConfigurationList section */
		A930609A2F7D1FA50043D5B0 /* Build configuration list for PBXNativeTarget "AIDevToolsUITests" */ = {
			isa = XCConfigurationList;
			buildConfigurations = (
				A93060982F7D1FA50043D5B0 /* Debug */,
				A93060992F7D1FA50043D5B0 /* Release */,
			);
			defaultConfigurationIsVisible = 0;
			defaultConfigurationName = Release;
		};
		A93060A72F7D1FB30043D5B0 /* Build configuration list for PBXNativeTarget "AIDevToolsInteractiveTests" */ = {
			isa = XCConfigurationList;
			buildConfigurations = (
				A93060A82F7D1FB30043D5B0 /* Debug */,
				A93060A92F7D1FB30043D5B0 /* Release */,
			);
			defaultConfigurationIsVisible = 0;
			defaultConfigurationName = Release;
		};
		A98A54F12F5C3B1A00D52127 /* Build configuration list for PBXProject "AIDevTools" */ = {
			isa = XCConfigurationList;
			buildConfigurations = (
				A98A54FF2F5C3B1B00D52127 /* Debug */,
				A98A55002F5C3B1B00D52127 /* Release */,
			);
			defaultConfigurationIsVisible = 0;
			defaultConfigurationName = Release;
		};
		A98A55012F5C3B1B00D52127 /* Build configuration list for PBXNativeTarget "AIDevTools" */ = {
			isa = XCConfigurationList;
			buildConfigurations = (
				A98A55022F5C3B1B00D52127 /* Debug */,
				A98A55032F5C3B1B00D52127 /* Release */,
			);
			defaultConfigurationIsVisible = 0;
			defaultConfigurationName = Release;
		};
/* End XCConfigurationList section */

/* Begin XCLocalSwiftPackageReference section */
		A9273F092F6F65180061B956 /* XCLocalSwiftPackageReference "AIDevToolsKit" */ = {
			isa = XCLocalSwiftPackageReference;
			relativePath = AIDevToolsKit;
		};
/* End XCLocalSwiftPackageReference section */

/* Begin XCRemoteSwiftPackageReference section */
		A93060AA2F7D1FDF0043D5B0 /* XCRemoteSwiftPackageReference "xcode-sim-automation" */ = {
			isa = XCRemoteSwiftPackageReference;
			repositoryURL = "https://github.com/gestrich/xcode-sim-automation";
			requirement = {
				branch = main;
				kind = branch;
			};
		};
/* End XCRemoteSwiftPackageReference section */

/* Begin XCSwiftPackageProductDependency section */
		A9273F0B2F6F65430061B956 /* AIDevToolsKitMac */ = {
			isa = XCSwiftPackageProductDependency;
			package = A9273F092F6F65180061B956 /* XCLocalSwiftPackageReference "AIDevToolsKit" */;
			productName = AIDevToolsKitMac;
		};
		A9273F0D2F6F65430061B956 /* LoggingSDK */ = {
			isa = XCSwiftPackageProductDependency;
			package = A9273F092F6F65180061B956 /* XCLocalSwiftPackageReference "AIDevToolsKit" */;
			productName = LoggingSDK;
		};
		A93060AB2F7D1FDF0043D5B0 /* XCUITestControl */ = {
			isa = XCSwiftPackageProductDependency;
			package = A93060AA2F7D1FDF0043D5B0 /* XCRemoteSwiftPackageReference "xcode-sim-automation" */;
			productName = XCUITestControl;
		};
/* End XCSwiftPackageProductDependency section */
	};
	rootObject = A98A54EE2F5C3B1A00D52127 /* Project object */;
}
